{
  "name": "array-editor",
  "version": "1.0.0",
  "lockfileVersion": 1,
  "requires": true,
  "dependencies": {
    "@writetome51/object-factory": {
      "version": "1.0.2",
      "resolved": "https://registry.npmjs.org/@writetome51/object-factory/-/object-factory-1.0.2.tgz",
      "integrity": "sha512-HP3jU9l5al7NjBVvEjU8TPeYk5Is66ZdF2RbEUKSe+pTamLT22SQ1mbnny8rrax0GOXALTUhi8cMlYb2dzo8AQ==",
      "requires": {
        "basic-data-handling": "^1.0.8"
      }
    },
    "@writetome51/open-array": {
      "version": "1.0.1",
      "resolved": "https://registry.npmjs.org/@writetome51/open-array/-/open-array-1.0.1.tgz",
      "integrity": "sha512-65SgyQtK+Jjs4d5JK54DyrMR5q66wWMFR1p6ItxeSiGcVyBGgtUWViNzzfMhYw34/KOPKLG2+Arft4dgmsu9fA==",
      "requires": {
        "@writetome51/object-factory": "^1.0.2",
        "basic-data-handling": "^1.0.8",
        "batch-getter-setter": "^1.0.0",
        "intuitive-array-handlers": "^1.0.1",
        "intuitive-number-handlers": "^1.0.2",
        "intuitive-string-handlers": "^0.0.1",
        "open-data-container": "^1.0.0"
      }
    },
    "basic-data-handling": {
      "version": "1.0.8",
      "resolved": "https://registry.npmjs.org/basic-data-handling/-/basic-data-handling-1.0.8.tgz",
      "integrity": "sha512-t/1o9O/mThdfCW1Z9Tlh0C4IR6J3H41fE+QZ+RKTvBBISVn1XSUYONNADhHsoN23G+8b7MleEswnCMlFkHioAQ=="
    },
    "batch-getter-setter": {
      "version": "1.0.0",
      "resolved": "https://registry.npmjs.org/batch-getter-setter/-/batch-getter-setter-1.0.0.tgz",
      "integrity": "sha512-o4a6NURLje2lxgngkTknmT4DKv4pAekj+1YqU0UIPNmeAMW2SvyaNqeCVcA0x5pkTYcSu/0bvMGzSc4e3H8H1g==",
      "requires": {
        "method-chainable": "^1.0.0"
      }
    },
    "closed-data-container": {
      "version": "1.0.0",
      "resolved": "https://registry.npmjs.org/closed-data-container/-/closed-data-container-1.0.0.tgz",
      "integrity": "sha512-UmKcGXV52pkEIFaFb8It1dyGRGDJUNnVnJCLOlNAgF/QOHJRliRFEhwhWNCe6AMzIVQHyjfq6MLyikESZ3J5kw=="
    },
    "emptyable": {
      "version": "1.0.0",
      "resolved": "https://registry.npmjs.org/emptyable/-/emptyable-1.0.0.tgz",
      "integrity": "sha512-3xda2XkzYz8zYIdd+YX3t+r0gdUL3GaLhZD+bJn31ZsPe75pdjgdCch9Auis7NG45Q3LpljpfuV4kjyOkXpyiQ=="
    },
    "intuitive-array-handlers": {
      "version": "1.0.1",
      "resolved": "https://registry.npmjs.org/intuitive-array-handlers/-/intuitive-array-handlers-1.0.1.tgz",
      "integrity": "sha512-pC0xASzT82bqU47ZONoUZmr+0D6cYpGLTqEWSQP/jiOX1iIu4Xd/DGQ9dynf5rZ4xhN/US6OLsC7wkCZaCHehw==",
      "requires": {
        "basic-data-handling": "^1.0.8"
      }
    },
    "intuitive-number-handlers": {
      "version": "1.0.2",
      "resolved": "https://registry.npmjs.org/intuitive-number-handlers/-/intuitive-number-handlers-1.0.2.tgz",
      "integrity": "sha512-2RTBpNaOhu+HpJPEU3ekzNpzFnBtte/axo+KgYgvgYvz6LSWvknTPRydMypNZnV1NH7Cqi9sciMI9IdEcE9EAw==",
      "requires": {
        "basic-data-handling": "^1.0.8"
      }
    },
    "intuitive-object-handlers": {
      "version": "1.0.1",
      "resolved": "https://registry.npmjs.org/intuitive-object-handlers/-/intuitive-object-handlers-1.0.1.tgz",
      "integrity": "sha512-1Pzq74/34Kou6Ai6J0SvQvHddv+tarUPOm1JtjBLdwrnGH6aHkpoyhur3uJxrj+Lk7w1ufVxSLin7j2TcCpdOg==",
      "requires": {
        "basic-data-handling": "^1.0.8",
        "intuitive-array-handlers": "^1.0.1",
        "intuitive-number-handlers": "^1.0.2"
      }
    },
    "intuitive-string-handlers": {
      "version": "0.0.1",
      "resolved": "https://registry.npmjs.org/intuitive-string-handlers/-/intuitive-string-handlers-0.0.1.tgz",
      "integrity": "sha512-AshnhAP2C3b18gxYZCbotRgNPa75/KTMvYES06WxU1/O9MuUYKxBSxVst1xX+TOKAZY8OmITikGlUgz3F9Be6w=="
    },
    "method-chainable": {
      "version": "1.0.0",
      "resolved": "https://registry.npmjs.org/method-chainable/-/method-chainable-1.0.0.tgz",
      "integrity": "sha512-h1CpqXp1BFqFAlkQL6lydba1Qh/iLj1TjLZzQgCwfzahGF1oTT9ry5YWIbdDyQ3hqMpS5OM8rIEb/Hiz2L9N7Q==",
      "requires": {
        "self-identifiable": "^1.0.1"
      }
    },
    "method-generator": {
      "version": "1.0.0",
      "resolved": "https://registry.npmjs.org/method-generator/-/method-generator-1.0.0.tgz",
      "integrity": "sha512-mM9u+yT+9izA5obTuoqPkRKeKKlmUt7BBFYzeHYQXx/wyrqGTMWyWQgzLViUyt99ZdcitSXBTp7Ti/PBZcVfvw==",
      "requires": {
        "intuitive-object-handlers": "^1.0.1",
        "self-identifiable": "^1.0.1"
      }
    },
    "open-data-container": {
      "version": "1.0.0",
      "resolved": "https://registry.npmjs.org/open-data-container/-/open-data-container-1.0.0.tgz",
      "integrity": "sha512-t3i9cMzLWUaumHIAbq/7pYYrO5/GBZDZTVAyfPSLU9OE1ptJzTFK4xaqutZWDallpLsEYfP5BFUKYi+sRb3X0A=="
    },
    "self-identifiable": {
      "version": "1.0.1",
      "resolved": "https://registry.npmjs.org/self-identifiable/-/self-identifiable-1.0.1.tgz",
      "integrity": "sha512-I3Rvcu0CKKBbRZJ/rS1PGY5vc/DFDW9/ioYNgPueR5bMds/qdpDMHNhlYT9fb7nDms6X6k3F5lJAL9j7M17pbQ=="
    }
  }
}
